
Microsoft Visual Studio Solution File, Format Version 12.00
# Visual Studio Version 17
VisualStudioVersion = 17.6.33723.286
MinimumVisualStudioVersion = 10.0.40219.1
Project("{9A19103F-16F7-4668-BE54-9A1E7A4F7556}") = "Recepis", "Recepis\Recepis.csproj", "{BA4ED6CE-2CBC-42B0-9A71-9B2E2558E5BE}"
EndProject
Project("{FAE04EC0-301F-11D3-BF4B-00C04F79EFBC}") = "ClassLibrary", "ClassLibrary\ClassLibrary.csproj", "{EC1FA8E5-DED2-47C5-886D-56115CF6859D}"
EndProject
Global
	GlobalSection(SolutionConfigurationPlatforms) = preSolution
		Debug|Any CPU = Debug|Any CPU
		Release|Any CPU = Release|Any CPU
	EndGlobalSection
	GlobalSection(ProjectConfigurationPlatforms) = postSolution
		{BA4ED6CE-2CBC-42B0-9A71-9B2E2558E5BE}.Debug|Any CPU.ActiveCfg = Debug|Any CPU
		{BA4ED6CE-2CBC-42B0-9A71-9B2E2558E5BE}.Debug|Any CPU.Build.0 = Debug|Any CPU
		{BA4ED6CE-2CBC-42B0-9A71-9B2E2558E5BE}.Release|Any CPU.ActiveCfg = Release|Any CPU
		{BA4ED6CE-2CBC-42B0-9A71-9B2E2558E5BE}.Release|Any CPU.Build.0 = Release|Any CPU
		{EC1FA8E5-DED2-47C5-886D-56115CF6859D}.Debug|Any CPU.ActiveCfg = Debug|Any CPU
		{EC1FA8E5-DED2-47C5-886D-56115CF6859D}.Debug|Any CPU.Build.0 = Debug|Any CPU
		{EC1FA8E5-DED2-47C5-886D-56115CF6859D}.Release|Any CPU.ActiveCfg = Release|Any CPU
		{EC1FA8E5-DED2-47C5-886D-56115CF6859D}.Release|Any CPU.Build.0 = Release|Any CPU
	EndGlobalSection
	GlobalSection(SolutionProperties) = preSolution
		HideSolutionNode = FALSE
	EndGlobalSection
	GlobalSection(ExtensibilityGlobals) = postSolution
		SolutionGuid = {6B7E4481-DAF4-4058-8FB2-936A8068D558}
	EndGlobalSection
EndGlobal
